hash: d4d4d3dedc5601f8dd16d9b0524c332757c1d856430e3dffd93e3c10a12990c4
updated: 2017-07-01T22:12:10.714951374+05:30
imports:
- name: github.com/ashwanthkumar/golang-utils
  version: 1a6217810a73989dc6437e4a942f08e455ae9da3
  subpackages:
  - maps
  - sets
- name: github.com/donovanhide/eventsource
  version: b8f31a59085e69dd2678cf51840db2ac625cb741
- name: github.com/gambol99/go-marathon
  version: 6b00a5b651b1beb2c6821863f7c60df490bd46c8
- name: github.com/google/go-querystring
  version: 53e6ce116135b80d037921a7fdd5138cf32d7a8a
  subpackages:
  - query
- name: github.com/Workiva/go-datastructures
  version: 01ff43b05e5593e6e41f5988797126402611e2d7
  subpackages:
  - queue
testImports: []
